
Microsoft Visual Studio Solution File, Format Version 12.00
# Visual Studio 15
Project("{FAE04EC0-301F-11D3-BF4B-00C04F79EFBC}") = "Assembly-CSharp-firstpass", "Assembly-CSharp-firstpass.csproj", "{61B6EC79-E0BB-5F31-E905-4E2B93A52E12}"
EndProject
Project("{FAE04EC0-301F-11D3-BF4B-00C04F79EFBC}") = "Assembly-CSharp", "Assembly-CSharp.csproj", "{D97B2C2B-47E7-5448-FC25-B264000F6A07}"
EndProject
Project("{FAE04EC0-301F-11D3-BF4B-00C04F79EFBC}") = "Assembly-CSharp-Editor-firstpass", "Assembly-CSharp-Editor-firstpass.csproj", "{406E96CA-D7D6-18EC-8C05-ED28BD606A17}"
EndProject
Global
	GlobalSection(SolutionConfigurationPlatforms) = preSolution
		Debug|Any CPU = Debug|Any CPU
		Release|Any CPU = Release|Any CPU
	EndGlobalSection
	GlobalSection(ProjectConfigurationPlatforms) = postSolution
		{61B6EC79-E0BB-5F31-E905-4E2B93A52E12}.Debug|Any CPU.ActiveCfg = Debug|Any CPU
		{61B6EC79-E0BB-5F31-E905-4E2B93A52E12}.Debug|Any CPU.Build.0 = Debug|Any CPU
		{61B6EC79-E0BB-5F31-E905-4E2B93A52E12}.Release|Any CPU.ActiveCfg = Release|Any CPU
		{61B6EC79-E0BB-5F31-E905-4E2B93A52E12}.Release|Any CPU.Build.0 = Release|Any CPU
		{D97B2C2B-47E7-5448-FC25-B264000F6A07}.Debug|Any CPU.ActiveCfg = Debug|Any CPU
		{D97B2C2B-47E7-5448-FC25-B264000F6A07}.Debug|Any CPU.Build.0 = Debug|Any CPU
		{D97B2C2B-47E7-5448-FC25-B264000F6A07}.Release|Any CPU.ActiveCfg = Release|Any CPU
		{D97B2C2B-47E7-5448-FC25-B264000F6A07}.Release|Any CPU.Build.0 = Release|Any CPU
		{406E96CA-D7D6-18EC-8C05-ED28BD606A17}.Debug|Any CPU.ActiveCfg = Debug|Any CPU
		{406E96CA-D7D6-18EC-8C05-ED28BD606A17}.Debug|Any CPU.Build.0 = Debug|Any CPU
		{406E96CA-D7D6-18EC-8C05-ED28BD606A17}.Release|Any CPU.ActiveCfg = Release|Any CPU
		{406E96CA-D7D6-18EC-8C05-ED28BD606A17}.Release|Any CPU.Build.0 = Release|Any CPU
	EndGlobalSection
	GlobalSection(SolutionProperties) = preSolution
		HideSolutionNode = FALSE
	EndGlobalSection
EndGlobal
